// !$*UTF8*$!
{
	archiveVersion = 1;
	classes = {
	};
	objectVersion = 48;
	objects = {

/* Begin PBXBuildFile section */
		A542AAFB205D981F00742249 /* WeatherTellerUiViewController.swift in Sources */ = {isa = PBXBuildFile; fileRef = A542AAFA205D981F00742249 /* WeatherTellerUiViewController.swift */; };
		A542AAFD205D9AF700742249 /* MainTableViewCell.swift in Sources */ = {isa = PBXBuildFile; fileRef = A542AAFC205D9AF700742249 /* MainTableViewCell.swift */; };
		A5722FEC205AB08E007E910D /* AppDelegate.swift in Sources */ = {isa = PBXBuildFile; fileRef = A5722FEB205AB08E007E910D /* AppDelegate.swift */; };
		A5722FF1205AB08E007E910D /* Main.storyboard in Resources */ = {isa = PBXBuildFile; fileRef = A5722FEF205AB08E007E910D /* Main.storyboard */; };
		A5722FF3205AB08E007E910D /* Assets.xcassets in Resources */ = {isa = PBXBuildFile; fileRef = A5722FF2205AB08E007E910D /* Assets.xcassets */; };
		A5722FF6205AB08E007E910D /* LaunchScreen.storyboard in Resources */ = {isa = PBXBuildFile; fileRef = A5722FF4205AB08E007E910D /* LaunchScreen.storyboard */; };
		A58695C9206BFAD900A011AF /* DetailViewController.swift in Sources */ = {isa = PBXBuildFile; fileRef = A58695C8206BFAD900A011AF /* DetailViewController.swift */; };
		A58695CB206C04B300A011AF /* WeatherData.swift in Sources */ = {isa = PBXBuildFile; fileRef = A58695CA206C04B300A011AF /* WeatherData.swift */; };
		A596D5932074E03B00E47675 /* SavedData.swift in Sources */ = {isa = PBXBuildFile; fileRef = A596D5922074E03B00E47675 /* SavedData.swift */; };
		A5A049F52067A6340027F49C /* SearchTableViewController.swift in Sources */ = {isa = PBXBuildFile; fileRef = A5A049F42067A6340027F49C /* SearchTableViewController.swift */; };
		A5A049FB2067CE1E0027F49C /* SearchTableViewCell.swift in Sources */ = {isa = PBXBuildFile; fileRef = A5A049FA2067CE1E0027F49C /* SearchTableViewCell.swift */; };
		A5A049FF2068E0250027F49C /* TestViewController.swift in Sources */ = {isa = PBXBuildFile; fileRef = A5A049FE2068E0250027F49C /* TestViewController.swift */; };
		A5A751592078F08D00342CF7 /* ComparisonTableViewCell.swift in Sources */ = {isa = PBXBuildFile; fileRef = A5A751582078F08D00342CF7 /* ComparisonTableViewCell.swift */; };
		A5C45926206ABBEC0076A318 /* TestTableViewCell.swift in Sources */ = {isa = PBXBuildFile; fileRef = A5C45925206ABBEC0076A318 /* TestTableViewCell.swift */; };
		A5C6D84A207677BA00F2931E /* ClothingRec.swift in Sources */ = {isa = PBXBuildFile; fileRef = A5C6D849207677BA00F2931E /* ClothingRec.swift */; };
		A5D04DC020780F8F00449068 /* ComparisonViewController.swift in Sources */ = {isa = PBXBuildFile; fileRef = A5D04DBF20780F8F00449068 /* ComparisonViewController.swift */; };
/* End PBXBuildFile section */

/* Begin PBXFileReference section */
		A542AAFA205D981F00742249 /* WeatherTellerUiViewController.swift */ = {isa = PBXFileReference; lastKnownFileType = sourcecode.swift; path = WeatherTellerUiViewController.swift; sourceTree = "<group>"; };
		A542AAFC205D9AF700742249 /* MainTableViewCell.swift */ = {isa = PBXFileReference; lastKnownFileType = sourcecode.swift; path = MainTableViewCell.swift; sourceTree = "<group>"; };
		A5722FE8205AB08E007E910D /* WeatherTeller.app */ = {isa = PBXFileReference; explicitFileType = wrapper.application; includeInIndex = 0; path = WeatherTeller.app; sourceTree = BUILT_PRODUCTS_DIR; };
		A5722FEB205AB08E007E910D /* AppDelegate.swift */ = {isa = PBXFileReference; lastKnownFileType = sourcecode.swift; path = AppDelegate.swift; sourceTree = "<group>"; };
		A5722FF0205AB08E007E910D /* Base */ = {isa = PBXFileReference; lastKnownFileType = file.storyboard; name = Base; path = Base.lproj/Main.storyboard; sourceTree = "<group>"; };
		A5722FF2205AB08E007E910D /* Assets.xcassets */ = {isa = PBXFileReference; lastKnownFileType = folder.assetcatalog; path = Assets.xcassets; sourceTree = "<group>"; };
		A5722FF5205AB08E007E910D /* Base */ = {isa = PBXFileReference; lastKnownFileType = file.storyboard; name = Base; path = Base.lproj/LaunchScreen.storyboard; sourceTree = "<group>"; };
		A5722FF7205AB08E007E910D /* Info.plist */ = {isa = PBXFileReference; lastKnownFileType = text.plist.xml; path = Info.plist; sourceTree = "<group>"; };
		A58695C8206BFAD900A011AF /* DetailViewController.swift */ = {isa = PBXFileReference; lastKnownFileType = sourcecode.swift; path = DetailViewController.swift; sourceTree = "<group>"; };
		A58695CA206C04B300A011AF /* WeatherData.swift */ = {isa = PBXFileReference; lastKnownFileType = sourcecode.swift; path = WeatherData.swift; sourceTree = "<group>"; };
		A596D5922074E03B00E47675 /* SavedData.swift */ = {isa = PBXFileReference; lastKnownFileType = sourcecode.swift; path = SavedData.swift; sourceTree = "<group>"; };
		A5A049F42067A6340027F49C /* SearchTableViewController.swift */ = {isa = PBXFileReference; lastKnownFileType = sourcecode.swift; path = SearchTableViewController.swift; sourceTree = "<group>"; };
		A5A049FA2067CE1E0027F49C /* SearchTableViewCell.swift */ = {isa = PBXFileReference; lastKnownFileType = sourcecode.swift; path = SearchTableViewCell.swift; sourceTree = "<group>"; };
		A5A049FE2068E0250027F49C /* TestViewController.swift */ = {isa = PBXFileReference; lastKnownFileType = sourcecode.swift; path = TestViewController.swift; sourceTree = "<group>"; };
		A5A751582078F08D00342CF7 /* ComparisonTableViewCell.swift */ = {isa = PBXFileReference; lastKnownFileType = sourcecode.swift; path = ComparisonTableViewCell.swift; sourceTree = "<group>"; };
		A5C45925206ABBEC0076A318 /* TestTableViewCell.swift */ = {isa = PBXFileReference; lastKnownFileType = sourcecode.swift; path = TestTableViewCell.swift; sourceTree = "<group>"; };
		A5C6D849207677BA00F2931E /* ClothingRec.swift */ = {isa = PBXFileReference; lastKnownFileType = sourcecode.swift; path = ClothingRec.swift; sourceTree = "<group>"; };
		A5D04DBF20780F8F00449068 /* ComparisonViewController.swift */ = {isa = PBXFileReference; lastKnownFileType = sourcecode.swift; path = ComparisonViewController.swift; sourceTree = "<group>"; };
/* End PBXFileReference section */

/* Begin PBXFrameworksBuildPhase section */
		A5722FE5205AB08E007E910D /* Frameworks */ = {
			isa = PBXFrameworksBuildPhase;
			buildActionMask = 2147483647;
			files = (
			);
			runOnlyForDeploymentPostprocessing = 0;
		};
/* End PBXFrameworksBuildPhase section */

/* Begin PBXGroup section */
		A5722FDF205AB08E007E910D = {
			isa = PBXGroup;
			children = (
				A5722FEA205AB08E007E910D /* WeatherTeller */,
				A5722FE9205AB08E007E910D /* Products */,
			);
			sourceTree = "<group>";
		};
		A5722FE9205AB08E007E910D /* Products */ = {
			isa = PBXGroup;
			children = (
				A5722FE8205AB08E007E910D /* WeatherTeller.app */,
			);
			name = Products;
			sourceTree = "<group>";
		};
		A5722FEA205AB08E007E910D /* WeatherTeller */ = {
			isa = PBXGroup;
			children = (
				A5722FEB205AB08E007E910D /* AppDelegate.swift */,
				A542AAFA205D981F00742249 /* WeatherTellerUiViewController.swift */,
				A542AAFC205D9AF700742249 /* MainTableViewCell.swift */,
				A5A049F42067A6340027F49C /* SearchTableViewController.swift */,
				A5A049FA2067CE1E0027F49C /* SearchTableViewCell.swift */,
				A5722FEF205AB08E007E910D /* Main.storyboard */,
				A5722FF2205AB08E007E910D /* Assets.xcassets */,
				A5722FF4205AB08E007E910D /* LaunchScreen.storyboard */,
				A5722FF7205AB08E007E910D /* Info.plist */,
				A5A049FE2068E0250027F49C /* TestViewController.swift */,
				A5C45925206ABBEC0076A318 /* TestTableViewCell.swift */,
				A58695CA206C04B300A011AF /* WeatherData.swift */,
				A58695C8206BFAD900A011AF /* DetailViewController.swift */,
				A596D5922074E03B00E47675 /* SavedData.swift */,
				A5C6D849207677BA00F2931E /* ClothingRec.swift */,
				A5D04DBF20780F8F00449068 /* ComparisonViewController.swift */,
				A5A751582078F08D00342CF7 /* ComparisonTableViewCell.swift */,
			);
			path = WeatherTeller;
			sourceTree = "<group>";
		};
/* End PBXGroup section */

/* Begin PBXNativeTarget section */
		A5722FE7205AB08E007E910D /* WeatherTeller */ = {
			isa = PBXNativeTarget;
			buildConfigurationList = A5722FFA205AB08E007E910D /* Build configuration list for PBXNativeTarget "WeatherTeller" */;
			buildPhases = (
				A5722FE4205AB08E007E910D /* Sources */,
				A5722FE5205AB08E007E910D /* Frameworks */,
				A5722FE6205AB08E007E910D /* Resources */,
			);
			buildRules = (
			);
			dependencies = (
			);
			name = WeatherTeller;
			productName = WeatherTeller;
			productReference = A5722FE8205AB08E007E910D /* WeatherTeller.app */;
			productType = "com.apple.product-type.application";
		};
/* End PBXNativeTarget section */

/* Begin PBXProject section */
		A5722FE0205AB08E007E910D /* Project object */ = {
			isa = PBXProject;
			attributes = {
				LastSwiftUpdateCheck = 0920;
				LastUpgradeCheck = 0920;
				ORGANIZATIONNAME = "Milja V";
				TargetAttributes = {
					A5722FE7205AB08E007E910D = {
						CreatedOnToolsVersion = 9.2;
						ProvisioningStyle = Automatic;
					};
				};
			};
			buildConfigurationList = A5722FE3205AB08E007E910D /* Build configuration list for PBXProject "WeatherTeller" */;
			compatibilityVersion = "Xcode 8.0";
			developmentRegion = en;
			hasScannedForEncodings = 0;
			knownRegions = (
				en,
				Base,
			);
			mainGroup = A5722FDF205AB08E007E910D;
			productRefGroup = A5722FE9205AB08E007E910D /* Products */;
			projectDirPath = "";
			projectRoot = "";
			targets = (
				A5722FE7205AB08E007E910D /* WeatherTeller */,
			);
		};
/* End PBXProject section */

/* Begin PBXResourcesBuildPhase section */
		A5722FE6205AB08E007E910D /* Resources */ = {
			isa = PBXResourcesBuildPhase;
			buildActionMask = 2147483647;
			files = (
				A5722FF6205AB08E007E910D /* LaunchScreen.storyboard in Resources */,
				A5722FF3205AB08E007E910D /* Assets.xcassets in Resources */,
				A5722FF1205AB08E007E910D /* Main.storyboard in Resources */,
			);
			runOnlyForDeploymentPostprocessing = 0;
		};
/* End PBXResourcesBuildPhase section */

/* Begin PBXSourcesBuildPhase section */
		A5722FE4205AB08E007E910D /* Sources */ = {
			isa = PBXSourcesBuildPhase;
			buildActionMask = 2147483647;
			files = (
				A58695C9206BFAD900A011AF /* DetailViewController.swift in Sources */,
				A5722FEC205AB08E007E910D /* AppDelegate.swift in Sources */,
				A5A049FF2068E0250027F49C /* TestViewController.swift in Sources */,
				A5A049F52067A6340027F49C /* SearchTableViewController.swift in Sources */,
				A5A751592078F08D00342CF7 /* ComparisonTableViewCell.swift in Sources */,
				A542AAFD205D9AF700742249 /* MainTableViewCell.swift in Sources */,
				A58695CB206C04B300A011AF /* WeatherData.swift in Sources */,
				A5C45926206ABBEC0076A318 /* TestTableViewCell.swift in Sources */,
				A596D5932074E03B00E47675 /* SavedData.swift in Sources */,
				A542AAFB205D981F00742249 /* WeatherTellerUiViewController.swift in Sources */,
				A5C6D84A207677BA00F2931E /* ClothingRec.swift in Sources */,
				A5A049FB2067CE1E0027F49C /* SearchTableViewCell.swift in Sources */,
				A5D04DC020780F8F00449068 /* ComparisonViewController.swift in Sources */,
			);
			runOnlyForDeploymentPostprocessing = 0;
		};
/* End PBXSourcesBuildPhase section */

/* Begin PBXVariantGroup section */
		A5722FEF205AB08E007E910D /* Main.storyboard */ = {
			isa = PBXVariantGroup;
			children = (
				A5722FF0205AB08E007E910D /* Base */,
			);
			name = Main.storyboard;
			sourceTree = "<group>";
		};
		A5722FF4205AB08E007E910D /* LaunchScreen.storyboard */ = {
			isa = PBXVariantGroup;
			children = (
				A5722FF5205AB08E007E910D /* Base */,
			);
			name = LaunchScreen.storyboard;
			sourceTree = "<group>";
		};
/* End PBXVariantGroup section */

/* Begin XCBuildConfiguration section */
		A5722FF8205AB08E007E910D /* Debug */ = {
			isa = XCBuildConfiguration;
			buildSettings = {
				ALWAYS_SEARCH_USER_PATHS = NO;
				CLANG_ANALYZER_NONNULL = YES;
				CLANG_ANALYZER_NUMBER_OBJECT_CONVERSION = YES_AGGRESSIVE;
				CLANG_CXX_LANGUAGE_STANDARD = "gnu++14";
				CLANG_CXX_LIBRARY = "libc++";
				CLANG_ENABLE_MODULES = YES;
				CLANG_ENABLE_OBJC_ARC = YES;
				CLANG_WARN_BLOCK_CAPTURE_AUTORELEASING = YES;
				CLANG_WARN_BOOL_CONVERSION = YES;
				CLANG_WARN_COMMA = YES;
				CLANG_WARN_CONSTANT_CONVERSION = YES;
				CLANG_WARN_DIRECT_OBJC_ISA_USAGE = YES_ERROR;
				CLANG_WARN_DOCUMENTATION_COMMENTS = YES;
				CLANG_WARN_EMPTY_BODY = YES;
				CLANG_WARN_ENUM_CONVERSION = YES;
				CLANG_WARN_INFINITE_RECURSION = YES;
				CLANG_WARN_INT_CONVERSION = YES;
				CLANG_WARN_NON_LITERAL_NULL_CONVERSION = YES;
				CLANG_WARN_OBJC_LITERAL_CONVERSION = YES;
				CLANG_WARN_OBJC_ROOT_CLASS = YES_ERROR;
				CLANG_WARN_RANGE_LOOP_ANALYSIS = YES;
				CLANG_WARN_STRICT_PROTOTYPES = YES;
				CLANG_WARN_SUSPICIOUS_MOVE = YES;
				CLANG_WARN_UNGUARDED_AVAILABILITY = YES_AGGRESSIVE;
				CLANG_WARN_UNREACHABLE_CODE = YES;
				CLANG_WARN__DUPLICATE_METHOD_MATCH = YES;
				CODE_SIGN_IDENTITY = "iPhone Developer";
				COPY_PHASE_STRIP = NO;
				DEBUG_INFORMATION_FORMAT = dwarf;
				ENABLE_STRICT_OBJC_MSGSEND = YES;
				ENABLE_TESTABILITY = YES;
				GCC_C_LANGUAGE_STANDARD = gnu11;
				GCC_DYNAMIC_NO_PIC = NO;
				GCC_NO_COMMON_BLOCKS = YES;
				GCC_OPTIMIZATION_LEVEL = 0;
				GCC_PREPROCESSOR_DEFINITIONS = (
					"DEBUG=1",
					"$(inherited)",
				);
				GCC_WARN_64_TO_32_BIT_CONVERSION = YES;
				GCC_WARN_ABOUT_RETURN_TYPE = YES_ERROR;
				GCC_WARN_UNDECLARED_SELECTOR = YES;
				GCC_WARN_UNINITIALIZED_AUTOS = YES_AGGRESSIVE;
				GCC_WARN_UNUSED_FUNCTION = YES;
				GCC_WARN_UNUSED_VARIABLE = YES;
				IPHONEOS_DEPLOYMENT_TARGET = 11.2;
				MTL_ENABLE_DEBUG_INFO = YES;
				ONLY_ACTIVE_ARCH = YES;
				SDKROOT = iphoneos;
				SWIFT_ACTIVE_COMPILATION_CONDITIONS = DEBUG;
				SWIFT_OPTIMIZATION_LEVEL = "-Onone";
			};
			name = Debug;
		};
		A5722FF9205AB08E007E910D /* Release */ = {
			isa = XCBuildConfiguration;
			buildSettings = {
				ALWAYS_SEARCH_USER_PATHS = NO;
				CLANG_ANALYZER_NONNULL = YES;
				CLANG_ANALYZER_NUMBER_OBJECT_CONVERSION = YES_AGGRESSIVE;
				CLANG_CXX_LANGUAGE_STANDARD = "gnu++14";
				CLANG_CXX_LIBRARY = "libc++";
				CLANG_ENABLE_MODULES = YES;
				CLANG_ENABLE_OBJC_ARC = YES;
				CLANG_WARN_BLOCK_CAPTURE_AUTORELEASING = YES;
				CLANG_WARN_BOOL_CONVERSION = YES;
				CLANG_WARN_COMMA = YES;
				CLANG_WARN_CONSTANT_CONVERSION = YES;
				CLANG_WARN_DIRECT_OBJC_ISA_USAGE = YES_ERROR;
				CLANG_WARN_DOCUMENTATION_COMMENTS = YES;
				CLANG_WARN_EMPTY_BODY = YES;
				CLANG_WARN_ENUM_CONVERSION = YES;
				CLANG_WARN_INFINITE_RECURSION = YES;
				CLANG_WARN_INT_CONVERSION = YES;
				CLANG_WARN_NON_LITERAL_NULL_CONVERSION = YES;
				CLANG_WARN_OBJC_LITERAL_CONVERSION = YES;
				CLANG_WARN_OBJC_ROOT_CLASS = YES_ERROR;
				CLANG_WARN_RANGE_LOOP_ANALYSIS = YES;
				CLANG_WARN_STRICT_PROTOTYPES = YES;
				CLANG_WARN_SUSPICIOUS_MOVE = YES;
				CLANG_WARN_UNGUARDED_AVAILABILITY = YES_AGGRESSIVE;
				CLANG_WARN_UNREACHABLE_CODE = YES;
				CLANG_WARN__DUPLICATE_METHOD_MATCH = YES;
				CODE_SIGN_IDENTITY = "iPhone Developer";
				COPY_PHASE_STRIP = NO;
				DEBUG_INFORMATION_FORMAT = "dwarf-with-dsym";
				ENABLE_NS_ASSERTIONS = NO;
				ENABLE_STRICT_OBJC_MSGSEND = YES;
				GCC_C_LANGUAGE_STANDARD = gnu11;
				GCC_NO_COMMON_BLOCKS = YES;
				GCC_WARN_64_TO_32_BIT_CONVERSION = YES;
				GCC_WARN_ABOUT_RETURN_TYPE = YES_ERROR;
				GCC_WARN_UNDECLARED_SELECTOR = YES;
				GCC_WARN_UNINITIALIZED_AUTOS = YES_AGGRESSIVE;
				GCC_WARN_UNUSED_FUNCTION = YES;
				GCC_WARN_UNUSED_VARIABLE = YES;
				IPHONEOS_DEPLOYMENT_TARGET = 11.2;
				MTL_ENABLE_DEBUG_INFO = NO;
				SDKROOT = iphoneos;
				SWIFT_OPTIMIZATION_LEVEL = "-Owholemodule";
				VALIDATE_PRODUCT = YES;
			};
			name = Release;
		};
		A5722FFB205AB08E007E910D /* Debug */ = {
			isa = XCBuildConfiguration;
			buildSettings = {
				ASSETCATALOG_COMPILER_APPICON_NAME = AppIcon;
				CODE_SIGN_STYLE = Automatic;
				INFOPLIST_FILE = WeatherTeller/Info.plist;
				LD_RUNPATH_SEARCH_PATHS = "$(inherited) @executable_path/Frameworks";
				PRODUCT_BUNDLE_IDENTIFIER = com.miljav.WeatherTeller;
				PRODUCT_NAME = "$(TARGET_NAME)";
				SWIFT_VERSION = 4.0;
				TARGETED_DEVICE_FAMILY = "1,2";
			};
			name = Debug;
		};
		A5722FFC205AB08E007E910D /* Release */ = {
			isa = XCBuildConfiguration;
			buildSettings = {
				ASSETCATALOG_COMPILER_APPICON_NAME = AppIcon;
				CODE_SIGN_STYLE = Automatic;
				INFOPLIST_FILE = WeatherTeller/Info.plist;
				LD_RUNPATH_SEARCH_PATHS = "$(inherited) @executable_path/Frameworks";
				PRODUCT_BUNDLE_IDENTIFIER = com.miljav.WeatherTeller;
				PRODUCT_NAME = "$(TARGET_NAME)";
				SWIFT_VERSION = 4.0;
				TARGETED_DEVICE_FAMILY = "1,2";
			};
			name = Release;
		};
/* End XCBuildConfiguration section */

/* Begin XCConfigurationList section */
		A5722FE3205AB08E007E910D /* Build configuration list for PBXProject "WeatherTeller" */ = {
			isa = XCConfigurationList;
			buildConfigurations = (
				A5722FF8205AB08E007E910D /* Debug */,
				A5722FF9205AB08E007E910D /* Release */,
			);
			defaultConfigurationIsVisible = 0;
			defaultConfigurationName = Release;
		};
		A5722FFA205AB08E007E910D /* Build configuration list for PBXNativeTarget "WeatherTeller" */ = {
			isa = XCConfigurationList;
			buildConfigurations = (
				A5722FFB205AB08E007E910D /* Debug */,
				A5722FFC205AB08E007E910D /* Release */,
			);
			defaultConfigurationIsVisible = 0;
			defaultConfigurationName = Release;
		};
/* End XCConfigurationList section */
	};
	rootObject = A5722FE0205AB08E007E910D /* Project object */;
}
